
Microsoft Visual Studio Solution File, Format Version 10.00
# Visual Studio 2008
Project("{FAE04EC0-301F-11D3-BF4B-00C04F79EFBC}") = "SendMail", "SendMail\SendMail.csproj", "{F5BFF90E-35A1-4526-8383-3A38522D0FC1}"
EndProject
Global
	GlobalSection(SolutionConfigurationPlatforms) = preSolution
		Debug|Any CPU = Debug|Any CPU
		Release|Any CPU = Release|Any CPU
	EndGlobalSection
	GlobalSection(ProjectConfigurationPlatforms) = postSolution
		{F5BFF90E-35A1-4526-8383-3A38522D0FC1}.Debug|Any CPU.ActiveCfg = Debug|Any CPU
		{F5BFF90E-35A1-4526-8383-3A38522D0FC1}.Debug|Any CPU.Build.0 = Debug|Any CPU
		{F5BFF90E-35A1-4526-8383-3A38522D0FC1}.Release|Any CPU.ActiveCfg = Release|Any CPU
		{F5BFF90E-35A1-4526-8383-3A38522D0FC1}.Release|Any CPU.Build.0 = Release|Any CPU
	EndGlobalSection
	GlobalSection(SolutionProperties) = preSolution
		HideSolutionNode = FALSE
	EndGlobalSection
EndGlobal
