
Microsoft Visual Studio Solution File, Format Version 10.00
# Visual Studio 2008
Project("{FAE04EC0-301F-11D3-BF4B-00C04F79EFBC}") = "DependencyChecker", "DependencyChecker.csproj", "{26EF382F-49CA-4AF6-BD87-4C5A269E2232}"
EndProject
Global
	GlobalSection(SolutionConfigurationPlatforms) = preSolution
		Debug|Any CPU = Debug|Any CPU
		Release|Any CPU = Release|Any CPU
	EndGlobalSection
	GlobalSection(ProjectConfigurationPlatforms) = postSolution
		{26EF382F-49CA-4AF6-BD87-4C5A269E2232}.Debug|Any CPU.ActiveCfg = Debug|Any CPU
		{26EF382F-49CA-4AF6-BD87-4C5A269E2232}.Debug|Any CPU.Build.0 = Debug|Any CPU
		{26EF382F-49CA-4AF6-BD87-4C5A269E2232}.Release|Any CPU.ActiveCfg = Release|Any CPU
		{26EF382F-49CA-4AF6-BD87-4C5A269E2232}.Release|Any CPU.Build.0 = Release|Any CPU
	EndGlobalSection
	GlobalSection(SolutionProperties) = preSolution
		HideSolutionNode = FALSE
	EndGlobalSection
EndGlobal
