
Microsoft Visual Studio Solution File, Format Version 10.00
# Visual Studio 2008
Project("{FAE04EC0-301F-11D3-BF4B-00C04F79EFBC}") = "StripHtml", "StripHtml.csproj", "{EA9FD6C5-EAEB-498B-9F7E-259E708FAF63}"
EndProject
Global
	GlobalSection(SolutionConfigurationPlatforms) = preSolution
		Debug|Any CPU = Debug|Any CPU
		Release|Any CPU = Release|Any CPU
	EndGlobalSection
	GlobalSection(ProjectConfigurationPlatforms) = postSolution
		{EA9FD6C5-EAEB-498B-9F7E-259E708FAF63}.Debug|Any CPU.ActiveCfg = Debug|Any CPU
		{EA9FD6C5-EAEB-498B-9F7E-259E708FAF63}.Debug|Any CPU.Build.0 = Debug|Any CPU
		{EA9FD6C5-EAEB-498B-9F7E-259E708FAF63}.Release|Any CPU.ActiveCfg = Release|Any CPU
		{EA9FD6C5-EAEB-498B-9F7E-259E708FAF63}.Release|Any CPU.Build.0 = Release|Any CPU
	EndGlobalSection
	GlobalSection(SolutionProperties) = preSolution
		HideSolutionNode = FALSE
	EndGlobalSection
EndGlobal
