
Microsoft Visual Studio Solution File, Format Version 11.00
# Visual Studio 2010
Project("{FAE04EC0-301F-11D3-BF4B-00C04F79EFBC}") = "LinesOfCode", "LinesOfCode.csproj", "{8CEFCED2-17CB-4444-B978-BA1395B44270}"
EndProject
Global
	GlobalSection(SolutionConfigurationPlatforms) = preSolution
		Debug|x86 = Debug|x86
		Release|x86 = Release|x86
	EndGlobalSection
	GlobalSection(ProjectConfigurationPlatforms) = postSolution
		{8CEFCED2-17CB-4444-B978-BA1395B44270}.Debug|x86.ActiveCfg = Debug|x86
		{8CEFCED2-17CB-4444-B978-BA1395B44270}.Debug|x86.Build.0 = Debug|x86
		{8CEFCED2-17CB-4444-B978-BA1395B44270}.Release|x86.ActiveCfg = Release|x86
		{8CEFCED2-17CB-4444-B978-BA1395B44270}.Release|x86.Build.0 = Release|x86
	EndGlobalSection
	GlobalSection(SolutionProperties) = preSolution
		HideSolutionNode = FALSE
	EndGlobalSection
EndGlobal
