
Microsoft Visual Studio Solution File, Format Version 10.00
# Visual Studio 2008
Project("{FAE04EC0-301F-11D3-BF4B-00C04F79EFBC}") = "dayprogress", "dayprogress.csproj", "{DB2810F4-5272-420C-B856-A625E99C647C}"
EndProject
Global
	GlobalSection(SolutionConfigurationPlatforms) = preSolution
		Debug|Any CPU = Debug|Any CPU
		Release|Any CPU = Release|Any CPU
	EndGlobalSection
	GlobalSection(ProjectConfigurationPlatforms) = postSolution
		{DB2810F4-5272-420C-B856-A625E99C647C}.Debug|Any CPU.ActiveCfg = Debug|Any CPU
		{DB2810F4-5272-420C-B856-A625E99C647C}.Debug|Any CPU.Build.0 = Debug|Any CPU
		{DB2810F4-5272-420C-B856-A625E99C647C}.Release|Any CPU.ActiveCfg = Release|Any CPU
		{DB2810F4-5272-420C-B856-A625E99C647C}.Release|Any CPU.Build.0 = Release|Any CPU
	EndGlobalSection
	GlobalSection(SolutionProperties) = preSolution
		HideSolutionNode = FALSE
	EndGlobalSection
EndGlobal
