
Microsoft Visual Studio Solution File, Format Version 10.00
# Visual Studio 2008
Project("{FAE04EC0-301F-11D3-BF4B-00C04F79EFBC}") = "TestSolution", "TestSolution.csproj", "{CAB9C307-6D4A-4A44-9265-72F693F7808E}"
EndProject
Global
	GlobalSection(SolutionConfigurationPlatforms) = preSolution
		Debug|Any CPU = Debug|Any CPU
		Release|Any CPU = Release|Any CPU
	EndGlobalSection
	GlobalSection(ProjectConfigurationPlatforms) = postSolution
		{CAB9C307-6D4A-4A44-9265-72F693F7808E}.Debug|Any CPU.ActiveCfg = Debug|Any CPU
		{CAB9C307-6D4A-4A44-9265-72F693F7808E}.Debug|Any CPU.Build.0 = Debug|Any CPU
		{CAB9C307-6D4A-4A44-9265-72F693F7808E}.Release|Any CPU.ActiveCfg = Release|Any CPU
		{CAB9C307-6D4A-4A44-9265-72F693F7808E}.Release|Any CPU.Build.0 = Release|Any CPU
	EndGlobalSection
	GlobalSection(SolutionProperties) = preSolution
		HideSolutionNode = FALSE
	EndGlobalSection
EndGlobal
