
Microsoft Visual Studio Solution File, Format Version 10.00
# Visual Studio 2008
Project("{FAE04EC0-301F-11D3-BF4B-00C04F79EFBC}") = "TestMe", "TestMe.csproj", "{774437A1-D57D-49C9-9A05-1E9B6335D1D2}"
EndProject
Global
	GlobalSection(SolutionConfigurationPlatforms) = preSolution
		Debug|Any CPU = Debug|Any CPU
		Release|Any CPU = Release|Any CPU
	EndGlobalSection
	GlobalSection(ProjectConfigurationPlatforms) = postSolution
		{774437A1-D57D-49C9-9A05-1E9B6335D1D2}.Debug|Any CPU.ActiveCfg = Debug|Any CPU
		{774437A1-D57D-49C9-9A05-1E9B6335D1D2}.Debug|Any CPU.Build.0 = Debug|Any CPU
		{774437A1-D57D-49C9-9A05-1E9B6335D1D2}.Release|Any CPU.ActiveCfg = Release|Any CPU
		{774437A1-D57D-49C9-9A05-1E9B6335D1D2}.Release|Any CPU.Build.0 = Release|Any CPU
	EndGlobalSection
	GlobalSection(SolutionProperties) = preSolution
		HideSolutionNode = FALSE
	EndGlobalSection
EndGlobal
