
Microsoft Visual Studio Solution File, Format Version 12.00
# Visual Studio 2012
Project("{FAE04EC0-301F-11D3-BF4B-00C04F79EFBC}") = "ExternTest", "ExternTest.csproj", "{3D607AC0-ED02-4C1D-B671-41F8F199E614}"
EndProject
Global
	GlobalSection(TeamFoundationVersionControl) = preSolution
		SccNumberOfProjects = 2
		SccEnterpriseProvider = {4CA58AB2-18FA-4F8D-95D4-32DDF27D184C}
		SccTeamFoundationServer = https://ericlopaty.visualstudio.com/defaultcollection
		SccLocalPath0 = .
		SccProjectUniqueName1 = ExternTest.csproj
		SccLocalPath1 = .
	EndGlobalSection
	GlobalSection(SolutionConfigurationPlatforms) = preSolution
		Debug|Any CPU = Debug|Any CPU
		Release|Any CPU = Release|Any CPU
	EndGlobalSection
	GlobalSection(ProjectConfigurationPlatforms) = postSolution
		{3D607AC0-ED02-4C1D-B671-41F8F199E614}.Debug|Any CPU.ActiveCfg = Debug|Any CPU
		{3D607AC0-ED02-4C1D-B671-41F8F199E614}.Debug|Any CPU.Build.0 = Debug|Any CPU
		{3D607AC0-ED02-4C1D-B671-41F8F199E614}.Release|Any CPU.ActiveCfg = Release|Any CPU
		{3D607AC0-ED02-4C1D-B671-41F8F199E614}.Release|Any CPU.Build.0 = Release|Any CPU
	EndGlobalSection
	GlobalSection(SolutionProperties) = preSolution
		HideSolutionNode = FALSE
	EndGlobalSection
EndGlobal
