
Microsoft Visual Studio Solution File, Format Version 10.00
# Visual Studio 2008
Project("{FAE04EC0-301F-11D3-BF4B-00C04F79EFBC}") = "TestSettings", "TestSettings.csproj", "{F3DFD6B2-0362-45BF-B7FF-9E949351F280}"
EndProject
Global
	GlobalSection(SolutionConfigurationPlatforms) = preSolution
		Debug|Any CPU = Debug|Any CPU
		Release|Any CPU = Release|Any CPU
	EndGlobalSection
	GlobalSection(ProjectConfigurationPlatforms) = postSolution
		{F3DFD6B2-0362-45BF-B7FF-9E949351F280}.Debug|Any CPU.ActiveCfg = Debug|Any CPU
		{F3DFD6B2-0362-45BF-B7FF-9E949351F280}.Debug|Any CPU.Build.0 = Debug|Any CPU
		{F3DFD6B2-0362-45BF-B7FF-9E949351F280}.Release|Any CPU.ActiveCfg = Release|Any CPU
		{F3DFD6B2-0362-45BF-B7FF-9E949351F280}.Release|Any CPU.Build.0 = Release|Any CPU
	EndGlobalSection
	GlobalSection(SolutionProperties) = preSolution
		HideSolutionNode = FALSE
	EndGlobalSection
EndGlobal
