
Microsoft Visual Studio Solution File, Format Version 12.00
# Visual Studio 2013
VisualStudioVersion = 12.0.31101.0
MinimumVisualStudioVersion = 10.0.40219.1
Project("{FAE04EC0-301F-11D3-BF4B-00C04F79EFBC}") = "TestLog", "TestLog.csproj", "{EE32175E-58C5-4661-A757-A3E54966FEA6}"
EndProject
Global
	GlobalSection(SolutionConfigurationPlatforms) = preSolution
		Debug|Any CPU = Debug|Any CPU
		Release|Any CPU = Release|Any CPU
	EndGlobalSection
	GlobalSection(ProjectConfigurationPlatforms) = postSolution
		{EE32175E-58C5-4661-A757-A3E54966FEA6}.Debug|Any CPU.ActiveCfg = Debug|Any CPU
		{EE32175E-58C5-4661-A757-A3E54966FEA6}.Debug|Any CPU.Build.0 = Debug|Any CPU
		{EE32175E-58C5-4661-A757-A3E54966FEA6}.Release|Any CPU.ActiveCfg = Release|Any CPU
		{EE32175E-58C5-4661-A757-A3E54966FEA6}.Release|Any CPU.Build.0 = Release|Any CPU
	EndGlobalSection
	GlobalSection(SolutionProperties) = preSolution
		HideSolutionNode = FALSE
	EndGlobalSection
EndGlobal
