
Microsoft Visual Studio Solution File, Format Version 12.00
# Visual Studio 2012
Project("{FAE04EC0-301F-11D3-BF4B-00C04F79EFBC}") = "Manifest", "Manifest.csproj", "{47A11B66-E4A0-493F-8909-DE083874BD93}"
EndProject
Global
	GlobalSection(TeamFoundationVersionControl) = preSolution
		SccNumberOfProjects = 2
		SccEnterpriseProvider = {4CA58AB2-18FA-4F8D-95D4-32DDF27D184C}
		SccTeamFoundationServer = https://ericlopaty.visualstudio.com/defaultcollection
		SccProjectUniqueName0 = Manifest.csproj
		SccProjectName0 = ../
		SccLocalPath0 = ..
		SccProjectFilePathRelativizedFromConnection0 = Manifest\\
		SccLocalPath1 = .
	EndGlobalSection
	GlobalSection(SolutionConfigurationPlatforms) = preSolution
		Debug|x86 = Debug|x86
		Release|x86 = Release|x86
	EndGlobalSection
	GlobalSection(ProjectConfigurationPlatforms) = postSolution
		{47A11B66-E4A0-493F-8909-DE083874BD93}.Debug|x86.ActiveCfg = Debug|x86
		{47A11B66-E4A0-493F-8909-DE083874BD93}.Debug|x86.Build.0 = Debug|x86
		{47A11B66-E4A0-493F-8909-DE083874BD93}.Release|x86.ActiveCfg = Release|x86
		{47A11B66-E4A0-493F-8909-DE083874BD93}.Release|x86.Build.0 = Release|x86
	EndGlobalSection
	GlobalSection(SolutionProperties) = preSolution
		HideSolutionNode = FALSE
	EndGlobalSection
EndGlobal
