
Microsoft Visual Studio Solution File, Format Version 10.00
# Visual Studio 2008
Project("{FAE04EC0-301F-11D3-BF4B-00C04F79EFBC}") = "NetworkStatus", "NetworkStatus.csproj", "{6AC687A0-8CCA-4FB3-BF65-DBAD1A351513}"
EndProject
Global
	GlobalSection(SolutionConfigurationPlatforms) = preSolution
		Debug|Any CPU = Debug|Any CPU
		Release|Any CPU = Release|Any CPU
	EndGlobalSection
	GlobalSection(ProjectConfigurationPlatforms) = postSolution
		{6AC687A0-8CCA-4FB3-BF65-DBAD1A351513}.Debug|Any CPU.ActiveCfg = Debug|Any CPU
		{6AC687A0-8CCA-4FB3-BF65-DBAD1A351513}.Debug|Any CPU.Build.0 = Debug|Any CPU
		{6AC687A0-8CCA-4FB3-BF65-DBAD1A351513}.Release|Any CPU.ActiveCfg = Release|Any CPU
		{6AC687A0-8CCA-4FB3-BF65-DBAD1A351513}.Release|Any CPU.Build.0 = Release|Any CPU
	EndGlobalSection
	GlobalSection(SolutionProperties) = preSolution
		HideSolutionNode = FALSE
	EndGlobalSection
EndGlobal
