
Microsoft Visual Studio Solution File, Format Version 10.00
# Visual Studio 2008
Project("{FAE04EC0-301F-11D3-BF4B-00C04F79EFBC}") = "database_test", "database_test.csproj", "{EAEDF329-FF8E-4C28-97C6-FD8E0B5DBEBB}"
EndProject
Global
	GlobalSection(SolutionConfigurationPlatforms) = preSolution
		Debug|Any CPU = Debug|Any CPU
		Release|Any CPU = Release|Any CPU
	EndGlobalSection
	GlobalSection(ProjectConfigurationPlatforms) = postSolution
		{EAEDF329-FF8E-4C28-97C6-FD8E0B5DBEBB}.Debug|Any CPU.ActiveCfg = Debug|Any CPU
		{EAEDF329-FF8E-4C28-97C6-FD8E0B5DBEBB}.Debug|Any CPU.Build.0 = Debug|Any CPU
		{EAEDF329-FF8E-4C28-97C6-FD8E0B5DBEBB}.Release|Any CPU.ActiveCfg = Release|Any CPU
		{EAEDF329-FF8E-4C28-97C6-FD8E0B5DBEBB}.Release|Any CPU.Build.0 = Release|Any CPU
	EndGlobalSection
	GlobalSection(SolutionProperties) = preSolution
		HideSolutionNode = FALSE
	EndGlobalSection
EndGlobal
