
Microsoft Visual Studio Solution File, Format Version 11.00
# Visual Studio 2010
Project("{FAE04EC0-301F-11D3-BF4B-00C04F79EFBC}") = "DumpFile", "DumpFile.csproj", "{BA569CD7-FB07-48AE-A8A3-ABFCCAC199FC}"
EndProject
Global
	GlobalSection(SolutionConfigurationPlatforms) = preSolution
		Debug|Any CPU = Debug|Any CPU
		Release|Any CPU = Release|Any CPU
	EndGlobalSection
	GlobalSection(ProjectConfigurationPlatforms) = postSolution
		{BA569CD7-FB07-48AE-A8A3-ABFCCAC199FC}.Debug|Any CPU.ActiveCfg = Debug|Any CPU
		{BA569CD7-FB07-48AE-A8A3-ABFCCAC199FC}.Debug|Any CPU.Build.0 = Debug|Any CPU
		{BA569CD7-FB07-48AE-A8A3-ABFCCAC199FC}.Release|Any CPU.ActiveCfg = Release|Any CPU
		{BA569CD7-FB07-48AE-A8A3-ABFCCAC199FC}.Release|Any CPU.Build.0 = Release|Any CPU
	EndGlobalSection
	GlobalSection(SolutionProperties) = preSolution
		HideSolutionNode = FALSE
	EndGlobalSection
EndGlobal
