
Microsoft Visual Studio Solution File, Format Version 12.00
# Visual Studio 2012
Project("{FAE04EC0-301F-11D3-BF4B-00C04F79EFBC}") = "Compare", "Compare.csproj", "{0C89678C-B0B0-48A9-BAEB-8B52E0599C10}"
EndProject
Global
	GlobalSection(TeamFoundationVersionControl) = preSolution
		SccNumberOfProjects = 2
		SccEnterpriseProvider = {4CA58AB2-18FA-4F8D-95D4-32DDF27D184C}
		SccTeamFoundationServer = https://ericlopaty.visualstudio.com/defaultcollection
		SccLocalPath0 = .
		SccProjectUniqueName1 = Compare.csproj
		SccLocalPath1 = .
	EndGlobalSection
	GlobalSection(SolutionConfigurationPlatforms) = preSolution
		Debug|Any CPU = Debug|Any CPU
		Release|Any CPU = Release|Any CPU
	EndGlobalSection
	GlobalSection(ProjectConfigurationPlatforms) = postSolution
		{0C89678C-B0B0-48A9-BAEB-8B52E0599C10}.Debug|Any CPU.ActiveCfg = Debug|Any CPU
		{0C89678C-B0B0-48A9-BAEB-8B52E0599C10}.Debug|Any CPU.Build.0 = Debug|Any CPU
		{0C89678C-B0B0-48A9-BAEB-8B52E0599C10}.Release|Any CPU.ActiveCfg = Release|Any CPU
		{0C89678C-B0B0-48A9-BAEB-8B52E0599C10}.Release|Any CPU.Build.0 = Release|Any CPU
	EndGlobalSection
	GlobalSection(SolutionProperties) = preSolution
		HideSolutionNode = FALSE
	EndGlobalSection
EndGlobal
